
Microsoft Visual Studio Solution File, Format Version 12.00
# Visual Studio Version 17
VisualStudioVersion = 17.12.35707.178
MinimumVisualStudioVersion = 10.0.40219.1
Project("{2150E333-8FDC-42A3-9474-1A3956D46DE8}") = "Order", "Order", "{7E622E39-73F6-4D72-8061-C2824810D7D4}"
EndProject
Project("{FAE04EC0-301F-11D3-BF4B-00C04F79EFBC}") = "Repository", "Order.Repository\Repository.csproj", "{F2E944A5-2D0D-49D0-96C4-2BE06DEB5BA7}"
EndProject
Project("{FAE04EC0-301F-11D3-BF4B-00C04F79EFBC}") = "Order.API", "Order.API\Order.API.csproj", "{2FFCCB7F-0249-41A7-9D91-6933EA4C8FD9}"
EndProject
Project("{2150E333-8FDC-42A3-9474-1A3956D46DE8}") = "Bus", "Bus", "{B2338C5A-3BF4-4587-B57E-6B6B6BEAB933}"
EndProject
Project("{FAE04EC0-301F-11D3-BF4B-00C04F79EFBC}") = "ServiceBus", "ServiceBus\ServiceBus.csproj", "{DA81F576-F561-4AAB-A6A9-E78CD1979C87}"
EndProject
Project("{FAE04EC0-301F-11D3-BF4B-00C04F79EFBC}") = "Order.Domain", "Order.Domain\Order.Domain.csproj", "{5C296228-A936-45AD-9C60-19F8F4B27194}"
EndProject
Project("{2150E333-8FDC-42A3-9474-1A3956D46DE8}") = "CleanArchitecture", "CleanArchitecture", "{29505A91-ED03-4DB7-967A-421D6A00CEFE}"
EndProject
Project("{FAE04EC0-301F-11D3-BF4B-00C04F79EFBC}") = "Order.Application", "Order.Application\Order.Application.csproj", "{AF85AF60-57D6-4F5C-8BDD-D77D14BC0877}"
EndProject
Project("{2150E333-8FDC-42A3-9474-1A3956D46DE8}") = "Infrastructure", "Infrastructure", "{701AE360-D4E9-4EAA-B278-49C052E5FCF0}"
EndProject
Project("{FAE04EC0-301F-11D3-BF4B-00C04F79EFBC}") = "Broker", "Broker\Broker.csproj", "{1F5B1CCA-63EF-46D5-9930-6F6FA2701D4A}"
EndProject
Project("{FAE04EC0-301F-11D3-BF4B-00C04F79EFBC}") = "Caching", "Caching\Caching.csproj", "{B633D9EB-E709-43E6-8904-411F67CE3C07}"
EndProject
Global
	GlobalSection(SolutionConfigurationPlatforms) = preSolution
		Debug|Any CPU = Debug|Any CPU
		Release|Any CPU = Release|Any CPU
	EndGlobalSection
	GlobalSection(ProjectConfigurationPlatforms) = postSolution
		{F2E944A5-2D0D-49D0-96C4-2BE06DEB5BA7}.Debug|Any CPU.ActiveCfg = Debug|Any CPU
		{F2E944A5-2D0D-49D0-96C4-2BE06DEB5BA7}.Debug|Any CPU.Build.0 = Debug|Any CPU
		{F2E944A5-2D0D-49D0-96C4-2BE06DEB5BA7}.Release|Any CPU.ActiveCfg = Release|Any CPU
		{F2E944A5-2D0D-49D0-96C4-2BE06DEB5BA7}.Release|Any CPU.Build.0 = Release|Any CPU
		{2FFCCB7F-0249-41A7-9D91-6933EA4C8FD9}.Debug|Any CPU.ActiveCfg = Debug|Any CPU
		{2FFCCB7F-0249-41A7-9D91-6933EA4C8FD9}.Debug|Any CPU.Build.0 = Debug|Any CPU
		{2FFCCB7F-0249-41A7-9D91-6933EA4C8FD9}.Release|Any CPU.ActiveCfg = Release|Any CPU
		{2FFCCB7F-0249-41A7-9D91-6933EA4C8FD9}.Release|Any CPU.Build.0 = Release|Any CPU
		{DA81F576-F561-4AAB-A6A9-E78CD1979C87}.Debug|Any CPU.ActiveCfg = Debug|Any CPU
		{DA81F576-F561-4AAB-A6A9-E78CD1979C87}.Debug|Any CPU.Build.0 = Debug|Any CPU
		{DA81F576-F561-4AAB-A6A9-E78CD1979C87}.Release|Any CPU.ActiveCfg = Release|Any CPU
		{DA81F576-F561-4AAB-A6A9-E78CD1979C87}.Release|Any CPU.Build.0 = Release|Any CPU
		{5C296228-A936-45AD-9C60-19F8F4B27194}.Debug|Any CPU.ActiveCfg = Debug|Any CPU
		{5C296228-A936-45AD-9C60-19F8F4B27194}.Debug|Any CPU.Build.0 = Debug|Any CPU
		{5C296228-A936-45AD-9C60-19F8F4B27194}.Release|Any CPU.ActiveCfg = Release|Any CPU
		{5C296228-A936-45AD-9C60-19F8F4B27194}.Release|Any CPU.Build.0 = Release|Any CPU
		{AF85AF60-57D6-4F5C-8BDD-D77D14BC0877}.Debug|Any CPU.ActiveCfg = Debug|Any CPU
		{AF85AF60-57D6-4F5C-8BDD-D77D14BC0877}.Debug|Any CPU.Build.0 = Debug|Any CPU
		{AF85AF60-57D6-4F5C-8BDD-D77D14BC0877}.Release|Any CPU.ActiveCfg = Release|Any CPU
		{AF85AF60-57D6-4F5C-8BDD-D77D14BC0877}.Release|Any CPU.Build.0 = Release|Any CPU
		{1F5B1CCA-63EF-46D5-9930-6F6FA2701D4A}.Debug|Any CPU.ActiveCfg = Debug|Any CPU
		{1F5B1CCA-63EF-46D5-9930-6F6FA2701D4A}.Debug|Any CPU.Build.0 = Debug|Any CPU
		{1F5B1CCA-63EF-46D5-9930-6F6FA2701D4A}.Release|Any CPU.ActiveCfg = Release|Any CPU
		{1F5B1CCA-63EF-46D5-9930-6F6FA2701D4A}.Release|Any CPU.Build.0 = Release|Any CPU
		{B633D9EB-E709-43E6-8904-411F67CE3C07}.Debug|Any CPU.ActiveCfg = Debug|Any CPU
		{B633D9EB-E709-43E6-8904-411F67CE3C07}.Debug|Any CPU.Build.0 = Debug|Any CPU
		{B633D9EB-E709-43E6-8904-411F67CE3C07}.Release|Any CPU.ActiveCfg = Release|Any CPU
		{B633D9EB-E709-43E6-8904-411F67CE3C07}.Release|Any CPU.Build.0 = Release|Any CPU
	EndGlobalSection
	GlobalSection(SolutionProperties) = preSolution
		HideSolutionNode = FALSE
	EndGlobalSection
	GlobalSection(NestedProjects) = preSolution
		{F2E944A5-2D0D-49D0-96C4-2BE06DEB5BA7} = {701AE360-D4E9-4EAA-B278-49C052E5FCF0}
		{2FFCCB7F-0249-41A7-9D91-6933EA4C8FD9} = {29505A91-ED03-4DB7-967A-421D6A00CEFE}
		{DA81F576-F561-4AAB-A6A9-E78CD1979C87} = {B2338C5A-3BF4-4587-B57E-6B6B6BEAB933}
		{5C296228-A936-45AD-9C60-19F8F4B27194} = {29505A91-ED03-4DB7-967A-421D6A00CEFE}
		{29505A91-ED03-4DB7-967A-421D6A00CEFE} = {7E622E39-73F6-4D72-8061-C2824810D7D4}
		{AF85AF60-57D6-4F5C-8BDD-D77D14BC0877} = {29505A91-ED03-4DB7-967A-421D6A00CEFE}
		{701AE360-D4E9-4EAA-B278-49C052E5FCF0} = {29505A91-ED03-4DB7-967A-421D6A00CEFE}
		{1F5B1CCA-63EF-46D5-9930-6F6FA2701D4A} = {701AE360-D4E9-4EAA-B278-49C052E5FCF0}
		{B633D9EB-E709-43E6-8904-411F67CE3C07} = {701AE360-D4E9-4EAA-B278-49C052E5FCF0}
	EndGlobalSection
EndGlobal
