
Microsoft Visual Studio Solution File, Format Version 12.00
# Visual Studio Version 17
VisualStudioVersion = 17.12.35707.178 d17.12
MinimumVisualStudioVersion = 10.0.40219.1
Project("{2150E333-8FDC-42A3-9474-1A3956D46DE8}") = "Stock", "Stock", "{803F8AA3-6AA9-462D-8462-08521D6A6497}"
EndProject
Project("{2150E333-8FDC-42A3-9474-1A3956D46DE8}") = "Order", "Order", "{7E622E39-73F6-4D72-8061-C2824810D7D4}"
EndProject
Project("{2150E333-8FDC-42A3-9474-1A3956D46DE8}") = "Payment", "Payment", "{F4F642B2-D533-4E7F-BA10-2DBD6296BBA7}"
EndProject
Project("{FAE04EC0-301F-11D3-BF4B-00C04F79EFBC}") = "Order.Repository", "Order.Repository\Order.Repository.csproj", "{F2E944A5-2D0D-49D0-96C4-2BE06DEB5BA7}"
EndProject
Project("{FAE04EC0-301F-11D3-BF4B-00C04F79EFBC}") = "Order.Service", "Order.Service\Order.Service.csproj", "{42207540-636C-4CA3-AD57-FA175F1A277E}"
EndProject
Project("{FAE04EC0-301F-11D3-BF4B-00C04F79EFBC}") = "Order.API", "Order.API\Order.API.csproj", "{2FFCCB7F-0249-41A7-9D91-6933EA4C8FD9}"
EndProject
Project("{FAE04EC0-301F-11D3-BF4B-00C04F79EFBC}") = "Stock.Repository", "Stock.Repository\Stock.Repository.csproj", "{7B5D9094-1A13-4F6A-B65D-D65202786813}"
EndProject
Project("{FAE04EC0-301F-11D3-BF4B-00C04F79EFBC}") = "Stock.Service", "Stock.Service\Stock.Service.csproj", "{FB527BDF-9182-471B-AC2E-BF6CF4F0F58C}"
EndProject
Project("{FAE04EC0-301F-11D3-BF4B-00C04F79EFBC}") = "Stock.API", "Stock.API\Stock.API.csproj", "{973B7CF4-389D-41D0-87AB-72613E5CA826}"
EndProject
Project("{2150E333-8FDC-42A3-9474-1A3956D46DE8}") = "Bus", "Bus", "{B2338C5A-3BF4-4587-B57E-6B6B6BEAB933}"
EndProject
Project("{FAE04EC0-301F-11D3-BF4B-00C04F79EFBC}") = "ServiceBus", "ServiceBus\ServiceBus.csproj", "{DA81F576-F561-4AAB-A6A9-E78CD1979C87}"
EndProject
Global
	GlobalSection(SolutionConfigurationPlatforms) = preSolution
		Debug|Any CPU = Debug|Any CPU
		Release|Any CPU = Release|Any CPU
	EndGlobalSection
	GlobalSection(ProjectConfigurationPlatforms) = postSolution
		{F2E944A5-2D0D-49D0-96C4-2BE06DEB5BA7}.Debug|Any CPU.ActiveCfg = Debug|Any CPU
		{F2E944A5-2D0D-49D0-96C4-2BE06DEB5BA7}.Debug|Any CPU.Build.0 = Debug|Any CPU
		{F2E944A5-2D0D-49D0-96C4-2BE06DEB5BA7}.Release|Any CPU.ActiveCfg = Release|Any CPU
		{F2E944A5-2D0D-49D0-96C4-2BE06DEB5BA7}.Release|Any CPU.Build.0 = Release|Any CPU
		{42207540-636C-4CA3-AD57-FA175F1A277E}.Debug|Any CPU.ActiveCfg = Debug|Any CPU
		{42207540-636C-4CA3-AD57-FA175F1A277E}.Debug|Any CPU.Build.0 = Debug|Any CPU
		{42207540-636C-4CA3-AD57-FA175F1A277E}.Release|Any CPU.ActiveCfg = Release|Any CPU
		{42207540-636C-4CA3-AD57-FA175F1A277E}.Release|Any CPU.Build.0 = Release|Any CPU
		{2FFCCB7F-0249-41A7-9D91-6933EA4C8FD9}.Debug|Any CPU.ActiveCfg = Debug|Any CPU
		{2FFCCB7F-0249-41A7-9D91-6933EA4C8FD9}.Debug|Any CPU.Build.0 = Debug|Any CPU
		{2FFCCB7F-0249-41A7-9D91-6933EA4C8FD9}.Release|Any CPU.ActiveCfg = Release|Any CPU
		{2FFCCB7F-0249-41A7-9D91-6933EA4C8FD9}.Release|Any CPU.Build.0 = Release|Any CPU
		{7B5D9094-1A13-4F6A-B65D-D65202786813}.Debug|Any CPU.ActiveCfg = Debug|Any CPU
		{7B5D9094-1A13-4F6A-B65D-D65202786813}.Debug|Any CPU.Build.0 = Debug|Any CPU
		{7B5D9094-1A13-4F6A-B65D-D65202786813}.Release|Any CPU.ActiveCfg = Release|Any CPU
		{7B5D9094-1A13-4F6A-B65D-D65202786813}.Release|Any CPU.Build.0 = Release|Any CPU
		{FB527BDF-9182-471B-AC2E-BF6CF4F0F58C}.Debug|Any CPU.ActiveCfg = Debug|Any CPU
		{FB527BDF-9182-471B-AC2E-BF6CF4F0F58C}.Debug|Any CPU.Build.0 = Debug|Any CPU
		{FB527BDF-9182-471B-AC2E-BF6CF4F0F58C}.Release|Any CPU.ActiveCfg = Release|Any CPU
		{FB527BDF-9182-471B-AC2E-BF6CF4F0F58C}.Release|Any CPU.Build.0 = Release|Any CPU
		{973B7CF4-389D-41D0-87AB-72613E5CA826}.Debug|Any CPU.ActiveCfg = Debug|Any CPU
		{973B7CF4-389D-41D0-87AB-72613E5CA826}.Debug|Any CPU.Build.0 = Debug|Any CPU
		{973B7CF4-389D-41D0-87AB-72613E5CA826}.Release|Any CPU.ActiveCfg = Release|Any CPU
		{973B7CF4-389D-41D0-87AB-72613E5CA826}.Release|Any CPU.Build.0 = Release|Any CPU
		{DA81F576-F561-4AAB-A6A9-E78CD1979C87}.Debug|Any CPU.ActiveCfg = Debug|Any CPU
		{DA81F576-F561-4AAB-A6A9-E78CD1979C87}.Debug|Any CPU.Build.0 = Debug|Any CPU
		{DA81F576-F561-4AAB-A6A9-E78CD1979C87}.Release|Any CPU.ActiveCfg = Release|Any CPU
		{DA81F576-F561-4AAB-A6A9-E78CD1979C87}.Release|Any CPU.Build.0 = Release|Any CPU
	EndGlobalSection
	GlobalSection(SolutionProperties) = preSolution
		HideSolutionNode = FALSE
	EndGlobalSection
	GlobalSection(NestedProjects) = preSolution
		{F2E944A5-2D0D-49D0-96C4-2BE06DEB5BA7} = {7E622E39-73F6-4D72-8061-C2824810D7D4}
		{42207540-636C-4CA3-AD57-FA175F1A277E} = {7E622E39-73F6-4D72-8061-C2824810D7D4}
		{2FFCCB7F-0249-41A7-9D91-6933EA4C8FD9} = {7E622E39-73F6-4D72-8061-C2824810D7D4}
		{7B5D9094-1A13-4F6A-B65D-D65202786813} = {803F8AA3-6AA9-462D-8462-08521D6A6497}
		{FB527BDF-9182-471B-AC2E-BF6CF4F0F58C} = {803F8AA3-6AA9-462D-8462-08521D6A6497}
		{973B7CF4-389D-41D0-87AB-72613E5CA826} = {803F8AA3-6AA9-462D-8462-08521D6A6497}
		{DA81F576-F561-4AAB-A6A9-E78CD1979C87} = {B2338C5A-3BF4-4587-B57E-6B6B6BEAB933}
	EndGlobalSection
EndGlobal
