
Microsoft Visual Studio Solution File, Format Version 12.00
# Visual Studio Version 17
VisualStudioVersion = 17.10.35027.167
MinimumVisualStudioVersion = 10.0.40219.1
Project("{2150E333-8FDC-42A3-9474-1A3956D46DE8}") = "Order", "Order", "{0E092551-8F1E-4FA4-9D8D-08010330B316}"
EndProject
Project("{2150E333-8FDC-42A3-9474-1A3956D46DE8}") = "Stock", "Stock", "{D53FA86E-5FD6-4CD7-9A46-BD0890F4EF60}"
EndProject
Project("{9A19103F-16F7-4668-BE54-9A1E7A4F7556}") = "OrderRepository", "OrderRepository\OrderRepository.csproj", "{7B09F5EC-D873-4CC8-B7BF-A73E9959EFBD}"
EndProject
Project("{9A19103F-16F7-4668-BE54-9A1E7A4F7556}") = "Order.Service", "Order.Service\Order.Service.csproj", "{E1810521-9E65-4825-A319-7D5D1C45BFE2}"
EndProject
Project("{9A19103F-16F7-4668-BE54-9A1E7A4F7556}") = "Stock.Repository", "Stock.Repository\Stock.Repository.csproj", "{B95D6D5F-5609-4C53-B2B0-293CD1B2F761}"
EndProject
Project("{FAE04EC0-301F-11D3-BF4B-00C04F79EFBC}") = "Stock.Service", "Stock.Service\Stock.Service.csproj", "{92F4FB20-61AA-4231-B92A-F2C96D59C9AF}"
EndProject
Project("{FAE04EC0-301F-11D3-BF4B-00C04F79EFBC}") = "Stock.Api", "Stock.Api\Stock.Api.csproj", "{703BEA71-BE2B-4A76-8B7A-AD641DD3D8D8}"
EndProject
Project("{FAE04EC0-301F-11D3-BF4B-00C04F79EFBC}") = "Order.Api", "Order.Api\Order.Api.csproj", "{2D2F77B4-4A43-47CF-9508-270FDDD0BACD}"
EndProject
Project("{2150E333-8FDC-42A3-9474-1A3956D46DE8}") = "Payment", "Payment", "{4108AD8C-5CA7-43DE-B2AC-D7EBFC310032}"
EndProject
Project("{2150E333-8FDC-42A3-9474-1A3956D46DE8}") = "Bus", "Bus", "{3C79A523-3CCA-4463-95CE-CD71DD1F6A49}"
EndProject
Project("{FAE04EC0-301F-11D3-BF4B-00C04F79EFBC}") = "ServiceBus", "ServiceBus\ServiceBus.csproj", "{5723B7C1-D6CC-457C-8288-DD18750CAABE}"
EndProject
Global
	GlobalSection(SolutionConfigurationPlatforms) = preSolution
		Debug|Any CPU = Debug|Any CPU
		Release|Any CPU = Release|Any CPU
	EndGlobalSection
	GlobalSection(ProjectConfigurationPlatforms) = postSolution
		{7B09F5EC-D873-4CC8-B7BF-A73E9959EFBD}.Debug|Any CPU.ActiveCfg = Debug|Any CPU
		{7B09F5EC-D873-4CC8-B7BF-A73E9959EFBD}.Debug|Any CPU.Build.0 = Debug|Any CPU
		{7B09F5EC-D873-4CC8-B7BF-A73E9959EFBD}.Release|Any CPU.ActiveCfg = Release|Any CPU
		{7B09F5EC-D873-4CC8-B7BF-A73E9959EFBD}.Release|Any CPU.Build.0 = Release|Any CPU
		{E1810521-9E65-4825-A319-7D5D1C45BFE2}.Debug|Any CPU.ActiveCfg = Debug|Any CPU
		{E1810521-9E65-4825-A319-7D5D1C45BFE2}.Debug|Any CPU.Build.0 = Debug|Any CPU
		{E1810521-9E65-4825-A319-7D5D1C45BFE2}.Release|Any CPU.ActiveCfg = Release|Any CPU
		{E1810521-9E65-4825-A319-7D5D1C45BFE2}.Release|Any CPU.Build.0 = Release|Any CPU
		{B95D6D5F-5609-4C53-B2B0-293CD1B2F761}.Debug|Any CPU.ActiveCfg = Debug|Any CPU
		{B95D6D5F-5609-4C53-B2B0-293CD1B2F761}.Debug|Any CPU.Build.0 = Debug|Any CPU
		{B95D6D5F-5609-4C53-B2B0-293CD1B2F761}.Release|Any CPU.ActiveCfg = Release|Any CPU
		{B95D6D5F-5609-4C53-B2B0-293CD1B2F761}.Release|Any CPU.Build.0 = Release|Any CPU
		{92F4FB20-61AA-4231-B92A-F2C96D59C9AF}.Debug|Any CPU.ActiveCfg = Debug|Any CPU
		{92F4FB20-61AA-4231-B92A-F2C96D59C9AF}.Debug|Any CPU.Build.0 = Debug|Any CPU
		{92F4FB20-61AA-4231-B92A-F2C96D59C9AF}.Release|Any CPU.ActiveCfg = Release|Any CPU
		{92F4FB20-61AA-4231-B92A-F2C96D59C9AF}.Release|Any CPU.Build.0 = Release|Any CPU
		{703BEA71-BE2B-4A76-8B7A-AD641DD3D8D8}.Debug|Any CPU.ActiveCfg = Debug|Any CPU
		{703BEA71-BE2B-4A76-8B7A-AD641DD3D8D8}.Debug|Any CPU.Build.0 = Debug|Any CPU
		{703BEA71-BE2B-4A76-8B7A-AD641DD3D8D8}.Release|Any CPU.ActiveCfg = Release|Any CPU
		{703BEA71-BE2B-4A76-8B7A-AD641DD3D8D8}.Release|Any CPU.Build.0 = Release|Any CPU
		{2D2F77B4-4A43-47CF-9508-270FDDD0BACD}.Debug|Any CPU.ActiveCfg = Debug|Any CPU
		{2D2F77B4-4A43-47CF-9508-270FDDD0BACD}.Debug|Any CPU.Build.0 = Debug|Any CPU
		{2D2F77B4-4A43-47CF-9508-270FDDD0BACD}.Release|Any CPU.ActiveCfg = Release|Any CPU
		{2D2F77B4-4A43-47CF-9508-270FDDD0BACD}.Release|Any CPU.Build.0 = Release|Any CPU
		{5723B7C1-D6CC-457C-8288-DD18750CAABE}.Debug|Any CPU.ActiveCfg = Debug|Any CPU
		{5723B7C1-D6CC-457C-8288-DD18750CAABE}.Debug|Any CPU.Build.0 = Debug|Any CPU
		{5723B7C1-D6CC-457C-8288-DD18750CAABE}.Release|Any CPU.ActiveCfg = Release|Any CPU
		{5723B7C1-D6CC-457C-8288-DD18750CAABE}.Release|Any CPU.Build.0 = Release|Any CPU
	EndGlobalSection
	GlobalSection(SolutionProperties) = preSolution
		HideSolutionNode = FALSE
	EndGlobalSection
	GlobalSection(NestedProjects) = preSolution
		{7B09F5EC-D873-4CC8-B7BF-A73E9959EFBD} = {0E092551-8F1E-4FA4-9D8D-08010330B316}
		{E1810521-9E65-4825-A319-7D5D1C45BFE2} = {0E092551-8F1E-4FA4-9D8D-08010330B316}
		{B95D6D5F-5609-4C53-B2B0-293CD1B2F761} = {D53FA86E-5FD6-4CD7-9A46-BD0890F4EF60}
		{92F4FB20-61AA-4231-B92A-F2C96D59C9AF} = {D53FA86E-5FD6-4CD7-9A46-BD0890F4EF60}
		{703BEA71-BE2B-4A76-8B7A-AD641DD3D8D8} = {D53FA86E-5FD6-4CD7-9A46-BD0890F4EF60}
		{2D2F77B4-4A43-47CF-9508-270FDDD0BACD} = {0E092551-8F1E-4FA4-9D8D-08010330B316}
		{5723B7C1-D6CC-457C-8288-DD18750CAABE} = {3C79A523-3CCA-4463-95CE-CD71DD1F6A49}
	EndGlobalSection
	GlobalSection(ExtensibilityGlobals) = postSolution
		SolutionGuid = {D469D3A1-9FD3-4CBF-822D-979C819C7FB3}
	EndGlobalSection
EndGlobal
